PODS:
  - JTAppleCalendar (8.0.3)

DEPENDENCIES:
  - JTAppleCalendar

SPEC REPOS:
  https://github.com/CocoaPods/Specs.git:
    - JTAppleCalendar

SPEC CHECKSUMS:
  JTAppleCalendar: 932cadea40b1051beab10f67843451d48ba16c99

PODFILE CHECKSUM: a2f48f583f1920623e95e8d0c6639f177a168eb8

COCOAPODS: 1.11.3
